
Microsoft Visual Studio Solution File, Format Version 12.00
# Visual Studio 15
VisualStudioVersion = 15.0.27703.2026
MinimumVisualStudioVersion = 10.0.40219.1
Project("{FAE04EC0-301F-11D3-BF4B-00C04F79EFBC}") = "ServiceProject", "ServiceProject\ServiceProject.csproj", "{B361C556-86C2-49A6-8C96-B26D19DE3B9A}"
	ProjectSection(ProjectDependencies) = postProject
		{2AE6D2AF-8FFC-4C8D-B136-1B9280D43DF5} = {2AE6D2AF-8FFC-4C8D-B136-1B9280D43DF5}
	EndProjectSection
EndProject
Project("{FAE04EC0-301F-11D3-BF4B-00C04F79EFBC}") = "WsdlDiscovery", "WsdlDiscovery\WsdlDiscovery.csproj", "{2AE6D2AF-8FFC-4C8D-B136-1B9280D43DF5}"
EndProject
Global
	GlobalSection(SolutionConfigurationPlatforms) = preSolution
		Debug|Any CPU = Debug|Any CPU
		Release|Any CPU = Release|Any CPU
	EndGlobalSection
	GlobalSection(ProjectConfigurationPlatforms) = postSolution
		{B361C556-86C2-49A6-8C96-B26D19DE3B9A}.Debug|Any CPU.ActiveCfg = Debug|Any CPU
		{B361C556-86C2-49A6-8C96-B26D19DE3B9A}.Debug|Any CPU.Build.0 = Debug|Any CPU
		{B361C556-86C2-49A6-8C96-B26D19DE3B9A}.Release|Any CPU.ActiveCfg = Release|Any CPU
		{B361C556-86C2-49A6-8C96-B26D19DE3B9A}.Release|Any CPU.Build.0 = Release|Any CPU
		{2AE6D2AF-8FFC-4C8D-B136-1B9280D43DF5}.Debug|Any CPU.ActiveCfg = Debug|Any CPU
		{2AE6D2AF-8FFC-4C8D-B136-1B9280D43DF5}.Debug|Any CPU.Build.0 = Debug|Any CPU
		{2AE6D2AF-8FFC-4C8D-B136-1B9280D43DF5}.Release|Any CPU.ActiveCfg = Release|Any CPU
		{2AE6D2AF-8FFC-4C8D-B136-1B9280D43DF5}.Release|Any CPU.Build.0 = Release|Any CPU
	EndGlobalSection
	GlobalSection(SolutionProperties) = preSolution
		HideSolutionNode = FALSE
	EndGlobalSection
	GlobalSection(ExtensibilityGlobals) = postSolution
		SolutionGuid = {ABCAB5F1-9220-44D4-BB9A-261967B6B39A}
	EndGlobalSection
EndGlobal
